
Microsoft Visual Studio Solution File, Format Version 12.00
# Visual Studio 2013
VisualStudioVersion = 12.0.31101.0
MinimumVisualStudioVersion = 10.0.40219.1
Project("{FAE04EC0-301F-11D3-BF4B-00C04F79EFBC}") = "AuthEndpoint", "AuthEndpoint\AuthEndpoint.csproj", "{5A366435-5B4D-41D9-A475-46072E9FBCF8}"
EndProject
Project("{FAE04EC0-301F-11D3-BF4B-00C04F79EFBC}") = "ResourceEndpoint", "ResourceEndpoint\ResourceEndpoint.csproj", "{B9237E77-7E6F-46B7-BC1B-24483504B09E}"
EndProject
Global
	GlobalSection(SolutionConfigurationPlatforms) = preSolution
		Debug|Any CPU = Debug|Any CPU
		Release|Any CPU = Release|Any CPU
	EndGlobalSection
	GlobalSection(ProjectConfigurationPlatforms) = postSolution
		{5A366435-5B4D-41D9-A475-46072E9FBCF8}.Debug|Any CPU.ActiveCfg = Debug|Any CPU
		{5A366435-5B4D-41D9-A475-46072E9FBCF8}.Debug|Any CPU.Build.0 = Debug|Any CPU
		{5A366435-5B4D-41D9-A475-46072E9FBCF8}.Release|Any CPU.ActiveCfg = Release|Any CPU
		{5A366435-5B4D-41D9-A475-46072E9FBCF8}.Release|Any CPU.Build.0 = Release|Any CPU
		{B9237E77-7E6F-46B7-BC1B-24483504B09E}.Debug|Any CPU.ActiveCfg = Debug|Any CPU
		{B9237E77-7E6F-46B7-BC1B-24483504B09E}.Debug|Any CPU.Build.0 = Debug|Any CPU
		{B9237E77-7E6F-46B7-BC1B-24483504B09E}.Release|Any CPU.ActiveCfg = Release|Any CPU
		{B9237E77-7E6F-46B7-BC1B-24483504B09E}.Release|Any CPU.Build.0 = Release|Any CPU
	EndGlobalSection
	GlobalSection(SolutionProperties) = preSolution
		HideSolutionNode = FALSE
	EndGlobalSection
EndGlobal
